<?xml version="1.0" encoding="utf-8"?>
<Project ToolsVersion="4.0" xmlns="http://schemas.microsoft.com/developer/msbuild/2003">
  <ItemGroup>
    <ClCompile Include="CrazyArcade.cpp">
      <Filter>99.Default</Filter>
    </ClCompile>
    <ClCompile Include="Frame_Manager.cpp">
      <Filter>01.Manager\04.Frame_Manager</Filter>
    </ClCompile>
    <ClCompile Include="Graphic_Device.cpp">
      <Filter>04.Graphic_Device</Filter>
    </ClCompile>
    <ClCompile Include="MainApp.cpp">
      <Filter>00.MainApp</Filter>
    </ClCompile>
    <ClCompile Include="Time_Manager.cpp">
      <Filter>01.Manager\05.Time_Manager</Filter>
    </ClCompile>
    <ClCompile Include="GameObject_Manager.cpp">
      <Filter>01.Manager\00.GameObejct_Manager</Filter>
    </ClCompile>
    <ClCompile Include="Scene_Manager.cpp">
      <Filter>01.Manager\02.Scene_Manager</Filter>
    </ClCompile>
    <ClCompile Include="Texture_Manager.cpp">
      <Filter>01.Manager\03.Texture_Manager</Filter>
    </ClCompile>
    <ClCompile Include="GameObject.cpp">
      <Filter>02.GameObject\00.GameObject</Filter>
    </ClCompile>
    <ClCompile Include="Player.cpp">
      <Filter>02.GameObject\01.Player</Filter>
    </ClCompile>
    <ClCompile Include="Scene.cpp">
      <Filter>03.Scene\00.Scene</Filter>
    </ClCompile>
    <ClCompile Include="Loading.cpp">
      <Filter>03.Scene\01.Loading_Scene</Filter>
    </ClCompile>
    <ClCompile Include="Stage.cpp">
      <Filter>03.Scene\03.Normal_Scene</Filter>
    </ClCompile>
    <ClCompile Include="Texture.cpp">
      <Filter>05.Texture\00.Texture</Filter>
    </ClCompile>
    <ClCompile Include="Single_Texture.cpp">
      <Filter>05.Texture\01.Single_Texture</Filter>
    </ClCompile>
    <ClCompile Include="Multi_Texture.cpp">
      <Filter>05.Texture\Multi_Texture</Filter>
    </ClCompile>
    <ClCompile Include="Box.cpp">
      <Filter>02.GameObject\02.Object\00.Scene\02.Box</Filter>
    </ClCompile>
    <ClCompile Include="Tile.cpp">
      <Filter>02.GameObject\02.Object\00.Scene\01.Tile</Filter>
    </ClCompile>
    <ClCompile Include="Wall.cpp">
      <Filter>02.GameObject\02.Object\00.Scene\03.Wall</Filter>
    </ClCompile>
    <ClCompile Include="Load_Manager.cpp">
      <Filter>01.Manager\07.Load_Manager</Filter>
    </ClCompile>
    <ClCompile Include="Terrain.cpp">
      <Filter>02.GameObject\02.Object\00.Scene\00.Terrain</Filter>
    </ClCompile>
    <ClCompile Include="Key_Manager.cpp">
      <Filter>01.Manager\06.Key_Manager</Filter>
    </ClCompile>
  </ItemGroup>
  <ItemGroup>
    <ClInclude Include="CrazyArcade.h">
      <Filter>99.Default</Filter>
    </ClInclude>
    <ClInclude Include="Frame_Manager.h">
      <Filter>01.Manager\04.Frame_Manager</Filter>
    </ClInclude>
    <ClInclude Include="framework.h">
      <Filter>99.Default</Filter>
    </ClInclude>
    <ClInclude Include="Graphic_Device.h">
      <Filter>04.Graphic_Device</Filter>
    </ClInclude>
    <ClInclude Include="MainApp.h">
      <Filter>00.MainApp</Filter>
    </ClInclude>
    <ClInclude Include="Resource.h">
      <Filter>99.Default</Filter>
    </ClInclude>
    <ClInclude Include="Time_Manager.h">
      <Filter>01.Manager\05.Time_Manager</Filter>
    </ClInclude>
    <ClInclude Include="targetver.h">
      <Filter>99.Default</Filter>
    </ClInclude>
    <ClInclude Include="GameObject_Manager.h">
      <Filter>01.Manager\00.GameObejct_Manager</Filter>
    </ClInclude>
    <ClInclude Include="Scene_Manager.h">
      <Filter>01.Manager\02.Scene_Manager</Filter>
    </ClInclude>
    <ClInclude Include="Texture_Manager.h">
      <Filter>01.Manager\03.Texture_Manager</Filter>
    </ClInclude>
    <ClInclude Include="GameObject.h">
      <Filter>02.GameObject\00.GameObject</Filter>
    </ClInclude>
    <ClInclude Include="Player.h">
      <Filter>02.GameObject\01.Player</Filter>
    </ClInclude>
    <ClInclude Include="Scene.h">
      <Filter>03.Scene\00.Scene</Filter>
    </ClInclude>
    <ClInclude Include="Loading.h">
      <Filter>03.Scene\01.Loading_Scene</Filter>
    </ClInclude>
    <ClInclude Include="Stage.h">
      <Filter>03.Scene\03.Normal_Scene</Filter>
    </ClInclude>
    <ClInclude Include="Texture.h">
      <Filter>05.Texture\00.Texture</Filter>
    </ClInclude>
    <ClInclude Include="Single_Texture.h">
      <Filter>05.Texture\01.Single_Texture</Filter>
    </ClInclude>
    <ClInclude Include="Multi_Texture.h">
      <Filter>05.Texture\Multi_Texture</Filter>
    </ClInclude>
    <ClInclude Include="Box.h">
      <Filter>02.GameObject\02.Object\00.Scene\02.Box</Filter>
    </ClInclude>
    <ClInclude Include="Tile.h">
      <Filter>02.GameObject\02.Object\00.Scene\01.Tile</Filter>
    </ClInclude>
    <ClInclude Include="Wall.h">
      <Filter>02.GameObject\02.Object\00.Scene\03.Wall</Filter>
    </ClInclude>
    <ClInclude Include="Load_Manager.h">
      <Filter>01.Manager\07.Load_Manager</Filter>
    </ClInclude>
    <ClInclude Include="Terrain.h">
      <Filter>02.GameObject\02.Object\00.Scene\00.Terrain</Filter>
    </ClInclude>
    <ClInclude Include="Key_Manager.h">
      <Filter>01.Manager\06.Key_Manager</Filter>
    </ClInclude>
  </ItemGroup>
  <ItemGroup>
    <Image Include="CrazyArcade.ico">
      <Filter>99.Default</Filter>
    </Image>
    <Image Include="small.ico">
      <Filter>99.Default</Filter>
    </Image>
  </ItemGroup>
  <ItemGroup>
    <Filter Include="00.MainApp">
      <UniqueIdentifier>{9859a25a-5cbf-4889-b692-9a1d97d4f961}</UniqueIdentifier>
    </Filter>
    <Filter Include="99.Default">
      <UniqueIdentifier>{4dc68e56-6f76-4ffb-af3c-7063f8810132}</UniqueIdentifier>
    </Filter>
    <Filter Include="02.GameObject">
      <UniqueIdentifier>{64c82eaf-8839-40cb-bf5a-676b68ddda5c}</UniqueIdentifier>
    </Filter>
    <Filter Include="03.Scene">
      <UniqueIdentifier>{06dd319e-b160-4a3e-a941-e3d2107c0acb}</UniqueIdentifier>
    </Filter>
    <Filter Include="04.Graphic_Device">
      <UniqueIdentifier>{d2cf6b53-30de-4136-b550-4d38af7f29b8}</UniqueIdentifier>
    </Filter>
    <Filter Include="05.Texture">
      <UniqueIdentifier>{11b4f3c7-c254-4817-bdf9-682aba9ff3b0}</UniqueIdentifier>
    </Filter>
    <Filter Include="01.Manager">
      <UniqueIdentifier>{5aa9ddec-77fb-4d7d-b84d-a3f71103406d}</UniqueIdentifier>
    </Filter>
    <Filter Include="01.Manager\00.GameObejct_Manager">
      <UniqueIdentifier>{bc93789f-7bed-4326-a0d2-c896bb8f911f}</UniqueIdentifier>
    </Filter>
    <Filter Include="02.GameObject\00.GameObject">
      <UniqueIdentifier>{4ffb3896-54eb-447f-b506-d878678a581a}</UniqueIdentifier>
    </Filter>
    <Filter Include="02.GameObject\01.Player">
      <UniqueIdentifier>{5f3863ad-c9b5-4070-b6a3-5d75441b4801}</UniqueIdentifier>
    </Filter>
    <Filter Include="02.GameObject\03.Item">
      <UniqueIdentifier>{b2480832-c50f-424a-bbb1-bd520cf7eb71}</UniqueIdentifier>
    </Filter>
    <Filter Include="02.GameObject\04.Monster">
      <UniqueIdentifier>{eb4b0c42-678a-47ad-971e-224afc7edef7}</UniqueIdentifier>
    </Filter>
    <Filter Include="03.Scene\00.Scene">
      <UniqueIdentifier>{d92f40b9-b0e2-4aff-95f2-179b76fdd9dc}</UniqueIdentifier>
    </Filter>
    <Filter Include="03.Scene\01.Loading_Scene">
      <UniqueIdentifier>{1cc0ca06-9a97-4d97-ac90-c4c4b4add357}</UniqueIdentifier>
    </Filter>
    <Filter Include="03.Scene\02.Mode_Scene">
      <UniqueIdentifier>{2a10abbb-c6a3-4fce-ac30-b84f6684fc5d}</UniqueIdentifier>
    </Filter>
    <Filter Include="03.Scene\03.Normal_Scene">
      <UniqueIdentifier>{1c336bd2-d09d-421d-9292-41f16c2f2eb4}</UniqueIdentifier>
    </Filter>
    <Filter Include="03.Scene\04.Monster_Scene">
      <UniqueIdentifier>{c342426a-fb4f-4b4b-b6dd-f5dad666b576}</UniqueIdentifier>
    </Filter>
    <Filter Include="05.Texture\00.Texture">
      <UniqueIdentifier>{b0d946f6-a227-425f-8d97-fe9505883cbf}</UniqueIdentifier>
    </Filter>
    <Filter Include="05.Texture\01.Single_Texture">
      <UniqueIdentifier>{8ada5df1-7ae8-4126-a121-75c05a53fe0d}</UniqueIdentifier>
    </Filter>
    <Filter Include="05.Texture\Multi_Texture">
      <UniqueIdentifier>{b22d7263-d5bd-42a2-a16c-1d7a77309871}</UniqueIdentifier>
    </Filter>
    <Filter Include="01.Manager\01.Collision_Manager">
      <UniqueIdentifier>{9841404d-37a9-4bbd-861c-4880bca35560}</UniqueIdentifier>
    </Filter>
    <Filter Include="01.Manager\02.Scene_Manager">
      <UniqueIdentifier>{1d4e4d2f-3952-4015-b547-cc595f157bb5}</UniqueIdentifier>
    </Filter>
    <Filter Include="01.Manager\03.Texture_Manager">
      <UniqueIdentifier>{f2337305-661b-4b0e-8751-ad2dc32f2d21}</UniqueIdentifier>
    </Filter>
    <Filter Include="01.Manager\04.Frame_Manager">
      <UniqueIdentifier>{4bef014d-25da-408e-ab98-5427d7fc0ac0}</UniqueIdentifier>
    </Filter>
    <Filter Include="01.Manager\05.Time_Manager">
      <UniqueIdentifier>{520072dd-f905-468e-9ac5-f08d8c975669}</UniqueIdentifier>
    </Filter>
    <Filter Include="02.GameObject\02.Object">
      <UniqueIdentifier>{9fd98096-3c8a-4a6e-8d50-e9b14ea15b16}</UniqueIdentifier>
    </Filter>
    <Filter Include="02.GameObject\02.Object\00.Scene">
      <UniqueIdentifier>{7da05567-767b-4e38-a7e4-f4041040f548}</UniqueIdentifier>
    </Filter>
    <Filter Include="02.GameObject\02.Object\00.Scene\00.Terrain">
      <UniqueIdentifier>{d8b7a670-5e6d-4e4d-86ff-ab8ec596bda5}</UniqueIdentifier>
    </Filter>
    <Filter Include="02.GameObject\02.Object\00.Scene\01.Tile">
      <UniqueIdentifier>{18577105-efb5-4ebd-b6a7-ff3bd3d4180b}</UniqueIdentifier>
    </Filter>
    <Filter Include="02.GameObject\02.Object\00.Scene\02.Box">
      <UniqueIdentifier>{146211f2-2a92-4526-b0ce-4e51afabe175}</UniqueIdentifier>
    </Filter>
    <Filter Include="02.GameObject\02.Object\00.Scene\03.Wall">
      <UniqueIdentifier>{b40b38cb-c6c5-484d-bd9a-4cb624a6f304}</UniqueIdentifier>
    </Filter>
    <Filter Include="02.GameObject\02.Object\01.Item">
      <UniqueIdentifier>{49185b6f-4421-47f2-9f9e-4f14cba65feb}</UniqueIdentifier>
    </Filter>
    <Filter Include="01.Manager\06.Key_Manager">
      <UniqueIdentifier>{212d9adb-f844-42fa-b7f1-ca8eae0cdadc}</UniqueIdentifier>
    </Filter>
    <Filter Include="01.Manager\07.Load_Manager">
      <UniqueIdentifier>{722f9303-531f-4ac4-8f52-51e73ca74bde}</UniqueIdentifier>
    </Filter>
  </ItemGroup>
  <ItemGroup>
    <ResourceCompile Include="CrazyArcade.rc">
      <Filter>99.Default</Filter>
    </ResourceCompile>
  </ItemGroup>
</Project>